
Microsoft Visual Studio Solution File, Format Version 12.00
# Visual Studio Version 16
VisualStudioVersion = 16.0.30413.136
MinimumVisualStudioVersion = 10.0.40219.1
Project("{FAE04EC0-301F-11D3-BF4B-00C04F79EFBC}") = "VarPrim", "VarPrim\VarPrim.csproj", "{6C1A1FFF-3288-40C7-A389-DF4DDDF6750F}"
EndProject
Global
	GlobalSection(SolutionConfigurationPlatforms) = preSolution
		Debug|Any CPU = Debug|Any CPU
		Release|Any CPU = Release|Any CPU
	EndGlobalSection
	GlobalSection(ProjectConfigurationPlatforms) = postSolution
		{6C1A1FFF-3288-40C7-A389-DF4DDDF6750F}.Debug|Any CPU.ActiveCfg = Debug|Any CPU
		{6C1A1FFF-3288-40C7-A389-DF4DDDF6750F}.Debug|Any CPU.Build.0 = Debug|Any CPU
		{6C1A1FFF-3288-40C7-A389-DF4DDDF6750F}.Release|Any CPU.ActiveCfg = Release|Any CPU
		{6C1A1FFF-3288-40C7-A389-DF4DDDF6750F}.Release|Any CPU.Build.0 = Release|Any CPU
	EndGlobalSection
	GlobalSection(SolutionProperties) = preSolution
		HideSolutionNode = FALSE
	EndGlobalSection
	GlobalSection(ExtensibilityGlobals) = postSolution
		SolutionGuid = {28AB3A29-7B98-4CBC-AD52-65CC62EBA5FB}
	EndGlobalSection
EndGlobal
